PODS:
  - Realm (3.5.0):
    - Realm/Headers (= 3.5.0)
  - Realm/Headers (3.5.0)

DEPENDENCIES:
  - Realm (~> 3.0)

SPEC REPOS:
  https://github.com/CocoaPods/Specs.git:
    - Realm

SPEC CHECKSUMS:
  Realm: 0378021c424e4e2bd6a0e63b27881e929d9b9ad1

PODFILE CHECKSUM: 00724fc89fc2e1afc489017376f07793bc80e893

COCOAPODS: 1.5.0
