PODS:
  - Realm (3.13.0):
    - Realm/Headers (= 3.13.0)
  - Realm/Headers (3.13.0)

DEPENDENCIES:
  - Realm (~> 3.0)

SPEC REPOS:
  https://github.com/cocoapods/specs.git:
    - Realm

SPEC CHECKSUMS:
  Realm: 5edd2ee65406aef591a4f9895de5a3440e51b3d8

PODFILE CHECKSUM: f19745799be5bdfb8c29ddec6fd1423907c59999

COCOAPODS: 1.5.3
